
Microsoft Visual Studio Solution File, Format Version 12.00
# Visual Studio Version 17
VisualStudioVersion = 17.7.34202.233
MinimumVisualStudioVersion = 10.0.40219.1
Project("{FAE04EC0-301F-11D3-BF4B-00C04F79EFBC}") = "Web_Test_Api", "Web_Test_Api.csproj", "{E4ED1859-AED2-480C-A71B-AFCC6E570A0E}"
EndProject
Global
	GlobalSection(SolutionConfigurationPlatforms) = preSolution
		Debug|Any CPU = Debug|Any CPU
		Release|Any CPU = Release|Any CPU
	EndGlobalSection
	GlobalSection(ProjectConfigurationPlatforms) = postSolution
		{E4ED1859-AED2-480C-A71B-AFCC6E570A0E}.Debug|Any CPU.ActiveCfg = Debug|Any CPU
		{E4ED1859-AED2-480C-A71B-AFCC6E570A0E}.Debug|Any CPU.Build.0 = Debug|Any CPU
		{E4ED1859-AED2-480C-A71B-AFCC6E570A0E}.Release|Any CPU.ActiveCfg = Release|Any CPU
		{E4ED1859-AED2-480C-A71B-AFCC6E570A0E}.Release|Any CPU.Build.0 = Release|Any CPU
	EndGlobalSection
	GlobalSection(SolutionProperties) = preSolution
		HideSolutionNode = FALSE
	EndGlobalSection
	GlobalSection(ExtensibilityGlobals) = postSolution
		SolutionGuid = {7F678F87-ECED-479A-BA77-65538D64A8F6}
	EndGlobalSection
EndGlobal
